
Microsoft Visual Studio Solution File, Format Version 12.00
# Visual Studio Version 16
VisualStudioVersion = 16.0.31112.23
MinimumVisualStudioVersion = 10.0.40219.1
Project("{FAE04EC0-301F-11D3-BF4B-00C04F79EFBC}") = "ConsoleApp1", "ConsoleApp1\ConsoleApp1.csproj", "{AE724459-865F-41D2-912E-622F5C44D053}"
EndProject
Global
	GlobalSection(SolutionConfigurationPlatforms) = preSolution
		Debug|Any CPU = Debug|Any CPU
		Release|Any CPU = Release|Any CPU
	EndGlobalSection
	GlobalSection(ProjectConfigurationPlatforms) = postSolution
		{AE724459-865F-41D2-912E-622F5C44D053}.Debug|Any CPU.ActiveCfg = Debug|Any CPU
		{AE724459-865F-41D2-912E-622F5C44D053}.Debug|Any CPU.Build.0 = Debug|Any CPU
		{AE724459-865F-41D2-912E-622F5C44D053}.Release|Any CPU.ActiveCfg = Release|Any CPU
		{AE724459-865F-41D2-912E-622F5C44D053}.Release|Any CPU.Build.0 = Release|Any CPU
	EndGlobalSection
	GlobalSection(SolutionProperties) = preSolution
		HideSolutionNode = FALSE
	EndGlobalSection
	GlobalSection(ExtensibilityGlobals) = postSolution
		SolutionGuid = {1592A4E3-AB26-443B-92AB-1D61932D9376}
	EndGlobalSection
EndGlobal
